
Microsoft Visual Studio Solution File, Format Version 12.00
# Visual Studio Version 16
VisualStudioVersion = 16.0.31129.286
MinimumVisualStudioVersion = 10.0.40219.1
Project("{FAE04EC0-301F-11D3-BF4B-00C04F79EFBC}") = "ArenaHoldings.ArticleManagement.Api", "ArenaHoldings.ArticleManagement.Api\ArenaHoldings.ArticleManagement.Api.csproj", "{F6A85979-3E03-4001-A072-415F729473D1}"
EndProject
Global
	GlobalSection(SolutionConfigurationPlatforms) = preSolution
		Debug|Any CPU = Debug|Any CPU
		Release|Any CPU = Release|Any CPU
	EndGlobalSection
	GlobalSection(ProjectConfigurationPlatforms) = postSolution
		{F6A85979-3E03-4001-A072-415F729473D1}.Debug|Any CPU.ActiveCfg = Debug|Any CPU
		{F6A85979-3E03-4001-A072-415F729473D1}.Debug|Any CPU.Build.0 = Debug|Any CPU
		{F6A85979-3E03-4001-A072-415F729473D1}.Release|Any CPU.ActiveCfg = Release|Any CPU
		{F6A85979-3E03-4001-A072-415F729473D1}.Release|Any CPU.Build.0 = Release|Any CPU
	EndGlobalSection
	GlobalSection(SolutionProperties) = preSolution
		HideSolutionNode = FALSE
	EndGlobalSection
	GlobalSection(ExtensibilityGlobals) = postSolution
		SolutionGuid = {A5ED6826-06F0-41C3-85BE-EBE5C209A8D7}
	EndGlobalSection
EndGlobal
